
Microsoft Visual Studio Solution File, Format Version 12.00
# Visual Studio Version 17
VisualStudioVersion = 17.13.36105.23 d17.13
MinimumVisualStudioVersion = 10.0.40219.1
Project("{FAE04EC0-301F-11D3-BF4B-00C04F79EFBC}") = "ITPCA Question 2", "ITPCA Question 2.csproj", "{0AC93F5E-93B8-4F88-AADE-5997D88D345A}"
EndProject
Global
	GlobalSection(SolutionConfigurationPlatforms) = preSolution
		Debug|Any CPU = Debug|Any CPU
		Release|Any CPU = Release|Any CPU
	EndGlobalSection
	GlobalSection(ProjectConfigurationPlatforms) = postSolution
		{0AC93F5E-93B8-4F88-AADE-5997D88D345A}.Debug|Any CPU.ActiveCfg = Debug|Any CPU
		{0AC93F5E-93B8-4F88-AADE-5997D88D345A}.Debug|Any CPU.Build.0 = Debug|Any CPU
		{0AC93F5E-93B8-4F88-AADE-5997D88D345A}.Release|Any CPU.ActiveCfg = Release|Any CPU
		{0AC93F5E-93B8-4F88-AADE-5997D88D345A}.Release|Any CPU.Build.0 = Release|Any CPU
	EndGlobalSection
	GlobalSection(SolutionProperties) = preSolution
		HideSolutionNode = FALSE
	EndGlobalSection
	GlobalSection(ExtensibilityGlobals) = postSolution
		SolutionGuid = {D34F1F93-AC6B-4174-845E-DA71F6C97827}
	EndGlobalSection
EndGlobal
